# This file was autogenerated by Stack.
# You should not edit this file by hand.
# For more information, please see the documentation at:
#   https://docs.haskellstack.org/en/stable/lock_files

packages:
- completed:
    name: parselet
    pantry-tree:
      sha256: 09366fd2f9b211b147144213c65e955084120cfabb46e4f226191855e84562a5
      size: 215
    sha256: 9ee3ef7494c47bea8e8242e37352ad0ef6daa1352b5c3aa644401ea79d75ac4b
    size: 1823
    url: https://github.com/pittma/parselet/archive/78e2019979f3b3fae586679fc7d735a5731c198e.tar.gz
    version: 0.1.0.0
  original:
    url: https://github.com/pittma/parselet/archive/78e2019979f3b3fae586679fc7d735a5731c198e.tar.gz
snapshots:
- completed:
    sha256: 7d4b649cf368f9076d8aa049aa44efe58950971d105892734e9957b2a26a2186
    size: 640060
    url: https://raw.githubusercontent.com/commercialhaskell/stackage-snapshots/master/lts/21/21.yaml
  original: lts-21.21
